dependencies:
  OmegaESP32xxNVSController:
    component_hash: f198e3cf950f071e74a5c584c1596e3bd8e7f50781b1772f95de323e66a19829
    source:
      git: https://github.com/Omegaki113r/OmegaESP32xxNVSController.git
      path: .
      type: git
    version: 5da3446ee02e1d405c8bc3332bcd4bc29cd51158
  OmegaFileSystemController:
    component_hash: ea79a391310379f522a5eb815e714826c2a02b5ba5b40f5998f6beb78d0d63eb
    source:
      git: https://github.com/Omegaki113r/OmegaFileSystemController.git
      path: .
      type: git
    version: 8e15ec5d73059005565bc560b71603b809bd7f44
  OmegaUtilityDriver:
    component_hash: 66d27999d77127db24175a9728bcb8a125a2f4c7b8074080dd11b6673b198a86
    source:
      git: https://github.com/Omegaki113r/OmegaUtilityDriver.git
      path: .
      type: git
    version: 9125ddde18e992ac4c3f91d526920c19e7f062c5
  OmegaWiFiController:
    component_hash: c2f2e9ccde3dc2bb802415a582013fd9aa531243740075e6396f26949404e163
    source:
      git: https://github.com/Omegaki113r/OmegaWiFiController.git
      path: .
      type: git
    version: 656669f6bf9ebfb34c1524498fede0fb5de3e2e7
  espressif/esp_websocket_client:
    component_hash: f77326f0e1c38da4e9c97e17c5d649b0dd13027f2645e720e48db269638fd622
    source:
      service_url: https://api.components.espressif.com/
      type: service
    version: 1.4.0
  idf:
    component_hash: null
    source:
      type: idf
    version: 5.3.0
manifest_hash: ebaf4f3d053317badee1c56698a52bef49f2484489b8e7360512a963603a76d4
target: esp32s3
version: 1.0.0
